// !$*UTF8*$!
{
	archiveVersion = 1;
	classes = {
	};
	objectVersion = 55;
	objects = {

/* Begin PBXBuildFile section */
		9B0B9CAB2D0D23AA00EA31CD /* FavoriteView.swift in Sources */ = {isa = PBXBuildFile; fileRef = 9B0B9CAA2D0D23AA00EA31CD /* FavoriteView.swift */; };
		9B0B9CB52D0D341400EA31CD /* OrderDetailView.swift in Sources */ = {isa = PBXBuildFile; fileRef = 9B0B9CB42D0D341400EA31CD /* OrderDetailView.swift */; };
		9B0B9CBB2D0D3C9C00EA31CD /* CommonProductView.swift in Sources */ = {isa = PBXBuildFile; fileRef = 9B0B9CBA2D0D3C9C00EA31CD /* CommonProductView.swift */; };
		9B0B9CBF2D0D98A100EA31CD /* RegisterView.swift in Sources */ = {isa = PBXBuildFile; fileRef = 9B0B9CBE2D0D98A100EA31CD /* RegisterView.swift */; };
		9B0B9CC92D0DC2A900EA31CD /* QuantityInputView.swift in Sources */ = {isa = PBXBuildFile; fileRef = 9B0B9CC82D0DC2A900EA31CD /* QuantityInputView.swift */; };
		9B0B9CD02D0EA35200EA31CD /* SearchBarView.swift in Sources */ = {isa = PBXBuildFile; fileRef = 9B0B9CCF2D0EA35200EA31CD /* SearchBarView.swift */; };
		9B0B9CD22D0EB30300EA31CD /* StripePaymentView.swift in Sources */ = {isa = PBXBuildFile; fileRef = 9B0B9CD12D0EB30300EA31CD /* StripePaymentView.swift */; };
		9B0B9CD42D0EB31D00EA31CD /* PayPalPaymentView.swift in Sources */ = {isa = PBXBuildFile; fileRef = 9B0B9CD32D0EB31D00EA31CD /* PayPalPaymentView.swift */; };
		9B2C8B2C2D01524D00CA38FB /* HomeView.swift in Sources */ = {isa = PBXBuildFile; fileRef = 9B2C8B2B2D01524B00CA38FB /* HomeView.swift */; };
		9B2C8B322D01538D00CA38FB /* ProductDetailView.swift in Sources */ = {isa = PBXBuildFile; fileRef = 9B2C8B312D01538D00CA38FB /* ProductDetailView.swift */; };
		9B2C8B342D0153B600CA38FB /* CartView.swift in Sources */ = {isa = PBXBuildFile; fileRef = 9B2C8B332D0153B600CA38FB /* CartView.swift */; };
		9B2C8B362D01562300CA38FB /* MaintabView.swift in Sources */ = {isa = PBXBuildFile; fileRef = 9B2C8B352D01562300CA38FB /* MaintabView.swift */; };
		9B2C8B382D01565000CA38FB /* SidebarView.swift in Sources */ = {isa = PBXBuildFile; fileRef = 9B2C8B372D01565000CA38FB /* SidebarView.swift */; };
		9B2C8B3A2D01567E00CA38FB /* AccountView.swift in Sources */ = {isa = PBXBuildFile; fileRef = 9B2C8B392D01567E00CA38FB /* AccountView.swift */; };
		9B4E47582B8E1371005C8CDF /* Launch Screen.storyboard in Resources */ = {isa = PBXBuildFile; fileRef = 9B4E47572B8E1371005C8CDF /* Launch Screen.storyboard */; };
		9B4E475C2B8E160B005C8CDF /* image in Resources */ = {isa = PBXBuildFile; fileRef = 9B4E475B2B8E160B005C8CDF /* image */; };
		9B7FCDC42D11728B006AB03F /* GoogleService-Info.plist in Resources */ = {isa = PBXBuildFile; fileRef = 9B7FCDC32D11728B006AB03F /* GoogleService-Info.plist */; };
		9B7FCDC82D1172C8006AB03F /* FirebaseAuth in Frameworks */ = {isa = PBXBuildFile; productRef = 9B7FCDC72D1172C8006AB03F /* FirebaseAuth */; };
		9B7FCDCA2D1172C8006AB03F /* FirebaseFirestore in Frameworks */ = {isa = PBXBuildFile; productRef = 9B7FCDC92D1172C8006AB03F /* FirebaseFirestore */; };
		9B7FCDCD2D117AB4006AB03F /* ResetPasswordView.swift in Sources */ = {isa = PBXBuildFile; fileRef = 9B7FCDCC2D117AB4006AB03F /* ResetPasswordView.swift */; };
		9B7FCDD72D1180C5006AB03F /* AccountModel.swift in Sources */ = {isa = PBXBuildFile; fileRef = 9B7FCDCE2D1180C5006AB03F /* AccountModel.swift */; };
		9B7FCDD82D1180C5006AB03F /* CartModel.swift in Sources */ = {isa = PBXBuildFile; fileRef = 9B7FCDCF2D1180C5006AB03F /* CartModel.swift */; };
		9B7FCDD92D1180C5006AB03F /* CategoryModel.swift in Sources */ = {isa = PBXBuildFile; fileRef = 9B7FCDD02D1180C5006AB03F /* CategoryModel.swift */; };
		9B7FCDDA2D1180C5006AB03F /* FavoriteModel.swift in Sources */ = {isa = PBXBuildFile; fileRef = 9B7FCDD12D1180C5006AB03F /* FavoriteModel.swift */; };
		9B7FCDDB2D1180C5006AB03F /* OrderModel.swift in Sources */ = {isa = PBXBuildFile; fileRef = 9B7FCDD22D1180C5006AB03F /* OrderModel.swift */; };
		9B7FCDDC2D1180C5006AB03F /* ProductDetailModel.swift in Sources */ = {isa = PBXBuildFile; fileRef = 9B7FCDD32D1180C5006AB03F /* ProductDetailModel.swift */; };
		9B7FCDDD2D1180C5006AB03F /* ProductModel.swift in Sources */ = {isa = PBXBuildFile; fileRef = 9B7FCDD42D1180C5006AB03F /* ProductModel.swift */; };
		9B7FCDEE2D11810A006AB03F /* AccountViewModel.swift in Sources */ = {isa = PBXBuildFile; fileRef = 9B7FCDDF2D11810A006AB03F /* AccountViewModel.swift */; };
		9B7FCDEF2D11810A006AB03F /* CartViewModel.swift in Sources */ = {isa = PBXBuildFile; fileRef = 9B7FCDE02D11810A006AB03F /* CartViewModel.swift */; };
		9B7FCDF02D11810A006AB03F /* FavoriteViewModel.swift in Sources */ = {isa = PBXBuildFile; fileRef = 9B7FCDE12D11810A006AB03F /* FavoriteViewModel.swift */; };
		9B7FCDF12D11810A006AB03F /* HomeViewModel.swift in Sources */ = {isa = PBXBuildFile; fileRef = 9B7FCDE22D11810A006AB03F /* HomeViewModel.swift */; };
		9B7FCDF22D11810A006AB03F /* ProductDetailViewModel.swift in Sources */ = {isa = PBXBuildFile; fileRef = 9B7FCDE32D11810A006AB03F /* ProductDetailViewModel.swift */; };
		9B7FCDF32D11810A006AB03F /* SidebarViewModel.swift in Sources */ = {isa = PBXBuildFile; fileRef = 9B7FCDE42D11810A006AB03F /* SidebarViewModel.swift */; };
		9B7FCDF52D11810A006AB03F /* APIConfig.swift in Sources */ = {isa = PBXBuildFile; fileRef = 9B7FCDE72D11810A006AB03F /* APIConfig.swift */; };
		9B7FCDF62D11810A006AB03F /* CachedAsyncImage.swift in Sources */ = {isa = PBXBuildFile; fileRef = 9B7FCDE82D11810A006AB03F /* CachedAsyncImage.swift */; };
		9B7FCDF72D11810A006AB03F /* DatabaseManager.swift in Sources */ = {isa = PBXBuildFile; fileRef = 9B7FCDE92D11810A006AB03F /* DatabaseManager.swift */; };
		9B7FCDF82D11810A006AB03F /* ImageCache.swift in Sources */ = {isa = PBXBuildFile; fileRef = 9B7FCDEA2D11810A006AB03F /* ImageCache.swift */; };
		9B7FCDF92D11810A006AB03F /* KeychainHelper.swift in Sources */ = {isa = PBXBuildFile; fileRef = 9B7FCDEB2D11810A006AB03F /* KeychainHelper.swift */; };
		9B7FCDFA2D11810A006AB03F /* WooCommerceService.swift in Sources */ = {isa = PBXBuildFile; fileRef = 9B7FCDEC2D11810A006AB03F /* WooCommerceService.swift */; };
		9B7FCDFF2D1183E1006AB03F /* OrderViewModel.swift in Sources */ = {isa = PBXBuildFile; fileRef = 9B7FCDFE2D1183E1006AB03F /* OrderViewModel.swift */; };
		9B7FCE022D118978006AB03F /* CheckoutView.swift in Sources */ = {isa = PBXBuildFile; fileRef = 9B7FCE002D118978006AB03F /* CheckoutView.swift */; };
		9B7FCE042D118AE7006AB03F /* SignInView.swift in Sources */ = {isa = PBXBuildFile; fileRef = 9B7FCE032D118AE6006AB03F /* SignInView.swift */; };
		9BBE97152B8E106300CF4746 /* JPocketApp.swift in Sources */ = {isa = PBXBuildFile; fileRef = 9BBE97142B8E106300CF4746 /* JPocketApp.swift */; };
		9BBE97172B8E106300CF4746 /* ContentView.swift in Sources */ = {isa = PBXBuildFile; fileRef = 9BBE97162B8E106300CF4746 /* ContentView.swift */; };
		9BBE97192B8E106500CF4746 /* Assets.xcassets in Resources */ = {isa = PBXBuildFile; fileRef = 9BBE97182B8E106500CF4746 /* Assets.xcassets */; };
		9BBE971C2B8E106500CF4746 /* Preview Assets.xcassets in Resources */ = {isa = PBXBuildFile; fileRef = 9BBE971B2B8E106500CF4746 /* Preview Assets.xcassets */; };
		9BBE97262B8E106500CF4746 /* JPocketTests.swift in Sources */ = {isa = PBXBuildFile; fileRef = 9BBE97252B8E106500CF4746 /* JPocketTests.swift */; };
		9BBE97302B8E106500CF4746 /* JPocketUITests.swift in Sources */ = {isa = PBXBuildFile; fileRef = 9BBE972F2B8E106500CF4746 /* JPocketUITests.swift */; };
		9BBE97322B8E106500CF4746 /* JPocketUITestsLaunchTests.swift in Sources */ = {isa = PBXBuildFile; fileRef = 9BBE97312B8E106500CF4746 /* JPocketUITestsLaunchTests.swift */; };
/* End PBXBuildFile section */

/* Begin PBXContainerItemProxy section */
		9BBE97222B8E106500CF4746 /* PBXContainerItemProxy */ = {
			isa = PBXContainerItemProxy;
			containerPortal = 9BBE97092B8E106300CF4746 /* Project object */;
			proxyType = 1;
			remoteGlobalIDString = 9BBE97102B8E106300CF4746;
			remoteInfo = JPocket;
		};
		9BBE972C2B8E106500CF4746 /* PBXContainerItemProxy */ = {
			isa = PBXContainerItemProxy;
			containerPortal = 9BBE97092B8E106300CF4746 /* Project object */;
			proxyType = 1;
			remoteGlobalIDString = 9BBE97102B8E106300CF4746;
			remoteInfo = JPocket;
		};
/* End PBXContainerItemProxy section */

/* Begin PBXFileReference section */
		9B0B9CAA2D0D23AA00EA31CD /* FavoriteView.swift */ = {isa = PBXFileReference; lastKnownFileType = sourcecode.swift; path = FavoriteView.swift; sourceTree = "<group>"; };
		9B0B9CB42D0D341400EA31CD /* OrderDetailView.swift */ = {isa = PBXFileReference; lastKnownFileType = sourcecode.swift; path = OrderDetailView.swift; sourceTree = "<group>"; };
		9B0B9CBA2D0D3C9C00EA31CD /* CommonProductView.swift */ = {isa = PBXFileReference; lastKnownFileType = sourcecode.swift; path = CommonProductView.swift; sourceTree = "<group>"; };
		9B0B9CBE2D0D98A100EA31CD /* RegisterView.swift */ = {isa = PBXFileReference; lastKnownFileType = sourcecode.swift; path = RegisterView.swift; sourceTree = "<group>"; };
		9B0B9CC82D0DC2A900EA31CD /* QuantityInputView.swift */ = {isa = PBXFileReference; lastKnownFileType = sourcecode.swift; path = QuantityInputView.swift; sourceTree = "<group>"; };
		9B0B9CCF2D0EA35200EA31CD /* SearchBarView.swift */ = {isa = PBXFileReference; lastKnownFileType = sourcecode.swift; path = SearchBarView.swift; sourceTree = "<group>"; };
		9B0B9CD12D0EB30300EA31CD /* StripePaymentView.swift */ = {isa = PBXFileReference; lastKnownFileType = sourcecode.swift; path = StripePaymentView.swift; sourceTree = "<group>"; };
		9B0B9CD32D0EB31D00EA31CD /* PayPalPaymentView.swift */ = {isa = PBXFileReference; lastKnownFileType = sourcecode.swift; path = PayPalPaymentView.swift; sourceTree = "<group>"; };
		9B2C8B2B2D01524B00CA38FB /* HomeView.swift */ = {isa = PBXFileReference; lastKnownFileType = sourcecode.swift; path = HomeView.swift; sourceTree = "<group>"; };
		9B2C8B312D01538D00CA38FB /* ProductDetailView.swift */ = {isa = PBXFileReference; lastKnownFileType = sourcecode.swift; path = ProductDetailView.swift; sourceTree = "<group>"; };
		9B2C8B332D0153B600CA38FB /* CartView.swift */ = {isa = PBXFileReference; lastKnownFileType = sourcecode.swift; path = CartView.swift; sourceTree = "<group>"; };
		9B2C8B352D01562300CA38FB /* MaintabView.swift */ = {isa = PBXFileReference; lastKnownFileType = sourcecode.swift; path = MaintabView.swift; sourceTree = "<group>"; };
		9B2C8B372D01565000CA38FB /* SidebarView.swift */ = {isa = PBXFileReference; lastKnownFileType = sourcecode.swift; path = SidebarView.swift; sourceTree = "<group>"; };
		9B2C8B392D01567E00CA38FB /* AccountView.swift */ = {isa = PBXFileReference; lastKnownFileType = sourcecode.swift; path = AccountView.swift; sourceTree = "<group>"; };
		9B4E47572B8E1371005C8CDF /* Launch Screen.storyboard */ = {isa = PBXFileReference; lastKnownFileType = file.storyboard; path = "Launch Screen.storyboard"; sourceTree = "<group>"; };
		9B4E475B2B8E160B005C8CDF /* image */ = {isa = PBXFileReference; fileEncoding = 4; lastKnownFileType = text; path = image; sourceTree = SOURCE_ROOT; };
		9B7FCDC32D11728B006AB03F /* GoogleService-Info.plist */ = {isa = PBXFileReference; fileEncoding = 4; lastKnownFileType = text.plist.xml; path = "GoogleService-Info.plist"; sourceTree = "<group>"; };
		9B7FCDCC2D117AB4006AB03F /* ResetPasswordView.swift */ = {isa = PBXFileReference; fileEncoding = 4; lastKnownFileType = sourcecode.swift; name = ResetPasswordView.swift; path = JPocket/Views/Auth/ResetPasswordView.swift; sourceTree = SOURCE_ROOT; };
		9B7FCDCE2D1180C5006AB03F /* AccountModel.swift */ = {isa = PBXFileReference; fileEncoding = 4; lastKnownFileType = sourcecode.swift; path = AccountModel.swift; sourceTree = "<group>"; };
		9B7FCDCF2D1180C5006AB03F /* CartModel.swift */ = {isa = PBXFileReference; fileEncoding = 4; lastKnownFileType = sourcecode.swift; path = CartModel.swift; sourceTree = "<group>"; };
		9B7FCDD02D1180C5006AB03F /* CategoryModel.swift */ = {isa = PBXFileReference; fileEncoding = 4; lastKnownFileType = sourcecode.swift; path = CategoryModel.swift; sourceTree = "<group>"; };
		9B7FCDD12D1180C5006AB03F /* FavoriteModel.swift */ = {isa = PBXFileReference; fileEncoding = 4; lastKnownFileType = sourcecode.swift; path = FavoriteModel.swift; sourceTree = "<group>"; };
		9B7FCDD22D1180C5006AB03F /* OrderModel.swift */ = {isa = PBXFileReference; fileEncoding = 4; lastKnownFileType = sourcecode.swift; path = OrderModel.swift; sourceTree = "<group>"; };
		9B7FCDD32D1180C5006AB03F /* ProductDetailModel.swift */ = {isa = PBXFileReference; fileEncoding = 4; lastKnownFileType = sourcecode.swift; path = ProductDetailModel.swift; sourceTree = "<group>"; };
		9B7FCDD42D1180C5006AB03F /* ProductModel.swift */ = {isa = PBXFileReference; fileEncoding = 4; lastKnownFileType = sourcecode.swift; path = ProductModel.swift; sourceTree = "<group>"; };
		9B7FCDDF2D11810A006AB03F /* AccountViewModel.swift */ = {isa = PBXFileReference; fileEncoding = 4; lastKnownFileType = sourcecode.swift; path = AccountViewModel.swift; sourceTree = "<group>"; };
		9B7FCDE02D11810A006AB03F /* CartViewModel.swift */ = {isa = PBXFileReference; fileEncoding = 4; lastKnownFileType = sourcecode.swift; path = CartViewModel.swift; sourceTree = "<group>"; };
		9B7FCDE12D11810A006AB03F /* FavoriteViewModel.swift */ = {isa = PBXFileReference; fileEncoding = 4; lastKnownFileType = sourcecode.swift; path = FavoriteViewModel.swift; sourceTree = "<group>"; };
		9B7FCDE22D11810A006AB03F /* HomeViewModel.swift */ = {isa = PBXFileReference; fileEncoding = 4; lastKnownFileType = sourcecode.swift; path = HomeViewModel.swift; sourceTree = "<group>"; };
		9B7FCDE32D11810A006AB03F /* ProductDetailViewModel.swift */ = {isa = PBXFileReference; fileEncoding = 4; lastKnownFileType = sourcecode.swift; path = ProductDetailViewModel.swift; sourceTree = "<group>"; };
		9B7FCDE42D11810A006AB03F /* SidebarViewModel.swift */ = {isa = PBXFileReference; fileEncoding = 4; lastKnownFileType = sourcecode.swift; path = SidebarViewModel.swift; sourceTree = "<group>"; };
		9B7FCDE72D11810A006AB03F /* APIConfig.swift */ = {isa = PBXFileReference; fileEncoding = 4; lastKnownFileType = sourcecode.swift; path = APIConfig.swift; sourceTree = "<group>"; };
		9B7FCDE82D11810A006AB03F /* CachedAsyncImage.swift */ = {isa = PBXFileReference; fileEncoding = 4; lastKnownFileType = sourcecode.swift; path = CachedAsyncImage.swift; sourceTree = "<group>"; };
		9B7FCDE92D11810A006AB03F /* DatabaseManager.swift */ = {isa = PBXFileReference; fileEncoding = 4; lastKnownFileType = sourcecode.swift; path = DatabaseManager.swift; sourceTree = "<group>"; };
		9B7FCDEA2D11810A006AB03F /* ImageCache.swift */ = {isa = PBXFileReference; fileEncoding = 4; lastKnownFileType = sourcecode.swift; path = ImageCache.swift; sourceTree = "<group>"; };
		9B7FCDEB2D11810A006AB03F /* KeychainHelper.swift */ = {isa = PBXFileReference; fileEncoding = 4; lastKnownFileType = sourcecode.swift; path = KeychainHelper.swift; sourceTree = "<group>"; };
		9B7FCDEC2D11810A006AB03F /* WooCommerceService.swift */ = {isa = PBXFileReference; fileEncoding = 4; lastKnownFileType = sourcecode.swift; path = WooCommerceService.swift; sourceTree = "<group>"; };
		9B7FCDFE2D1183E1006AB03F /* OrderViewModel.swift */ = {isa = PBXFileReference; lastKnownFileType = sourcecode.swift; path = OrderViewModel.swift; sourceTree = "<group>"; };
		9B7FCE002D118978006AB03F /* CheckoutView.swift */ = {isa = PBXFileReference; fileEncoding = 4; lastKnownFileType = sourcecode.swift; path = CheckoutView.swift; sourceTree = "<group>"; };
		9B7FCE032D118AE6006AB03F /* SignInView.swift */ = {isa = PBXFileReference; fileEncoding = 4; lastKnownFileType = sourcecode.swift; name = SignInView.swift; path = JPocket/Views/Auth/SignInView.swift; sourceTree = SOURCE_ROOT; };
		9BBE97112B8E106300CF4746 /* JPocket.app */ = {isa = PBXFileReference; explicitFileType = wrapper.application; includeInIndex = 0; path = JPocket.app; sourceTree = BUILT_PRODUCTS_DIR; };
		9BBE97142B8E106300CF4746 /* JPocketApp.swift */ = {isa = PBXFileReference; lastKnownFileType = sourcecode.swift; path = JPocketApp.swift; sourceTree = "<group>"; };
		9BBE97162B8E106300CF4746 /* ContentView.swift */ = {isa = PBXFileReference; lastKnownFileType = sourcecode.swift; path = ContentView.swift; sourceTree = "<group>"; };
		9BBE97182B8E106500CF4746 /* Assets.xcassets */ = {isa = PBXFileReference; lastKnownFileType = folder.assetcatalog; path = Assets.xcassets; sourceTree = "<group>"; };
		9BBE971B2B8E106500CF4746 /* Preview Assets.xcassets */ = {isa = PBXFileReference; lastKnownFileType = folder.assetcatalog; path = "Preview Assets.xcassets"; sourceTree = "<group>"; };
		9BBE97212B8E106500CF4746 /* JPocketTests.xctest */ = {isa = PBXFileReference; explicitFileType = wrapper.cfbundle; includeInIndex = 0; path = JPocketTests.xctest; sourceTree = BUILT_PRODUCTS_DIR; };
		9BBE97252B8E106500CF4746 /* JPocketTests.swift */ = {isa = PBXFileReference; lastKnownFileType = sourcecode.swift; path = JPocketTests.swift; sourceTree = "<group>"; };
		9BBE972B2B8E106500CF4746 /* JPocketUITests.xctest */ = {isa = PBXFileReference; explicitFileType = wrapper.cfbundle; includeInIndex = 0; path = JPocketUITests.xctest; sourceTree = BUILT_PRODUCTS_DIR; };
		9BBE972F2B8E106500CF4746 /* JPocketUITests.swift */ = {isa = PBXFileReference; lastKnownFileType = sourcecode.swift; path = JPocketUITests.swift; sourceTree = "<group>"; };
		9BBE97312B8E106500CF4746 /* JPocketUITestsLaunchTests.swift */ = {isa = PBXFileReference; lastKnownFileType = sourcecode.swift; path = JPocketUITestsLaunchTests.swift; sourceTree = "<group>"; };
/* End PBXFileReference section */

/* Begin PBXFrameworksBuildPhase section */
		9BBE970E2B8E106300CF4746 /* Frameworks */ = {
			isa = PBXFrameworksBuildPhase;
			buildActionMask = 2147483647;
			files = (
				9B7FCDC82D1172C8006AB03F /* FirebaseAuth in Frameworks */,
				9B7FCDCA2D1172C8006AB03F /* FirebaseFirestore in Frameworks */,
			);
			runOnlyForDeploymentPostprocessing = 0;
		};
		9BBE971E2B8E106500CF4746 /* Frameworks */ = {
			isa = PBXFrameworksBuildPhase;
			buildActionMask = 2147483647;
			files = (
			);
			runOnlyForDeploymentPostprocessing = 0;
		};
		9BBE97282B8E106500CF4746 /* Frameworks */ = {
			isa = PBXFrameworksBuildPhase;
			buildActionMask = 2147483647;
			files = (
			);
			runOnlyForDeploymentPostprocessing = 0;
		};
/* End PBXFrameworksBuildPhase section */

/* Begin PBXGroup section */
		9B0B9C892D0B09D700EA31CD /* Views */ = {
			isa = PBXGroup;
			children = (
				9B7FCE012D118978006AB03F /* Checkout */,
				9B2C8B352D01562300CA38FB /* MaintabView.swift */,
				9B0B9CAA2D0D23AA00EA31CD /* FavoriteView.swift */,
				9B0B9CDC2D0FB14900EA31CD /* Common */,
				9B0B9CDA2D0FB0EB00EA31CD /* Home */,
				9B0B9CDB2D0FB10A00EA31CD /* Cart */,
				9B7FCDCB2D117A43006AB03F /* Auth */,
				9B0B9CD92D0FB0C200EA31CD /* Account */,
			);
			path = Views;
			sourceTree = "<group>";
		};
		9B0B9CD92D0FB0C200EA31CD /* Account */ = {
			isa = PBXGroup;
			children = (
				9B2C8B392D01567E00CA38FB /* AccountView.swift */,
				9B0B9CB42D0D341400EA31CD /* OrderDetailView.swift */,
			);
			path = Account;
			sourceTree = "<group>";
		};
		9B0B9CDA2D0FB0EB00EA31CD /* Home */ = {
			isa = PBXGroup;
			children = (
				9B2C8B372D01565000CA38FB /* SidebarView.swift */,
				9B2C8B312D01538D00CA38FB /* ProductDetailView.swift */,
				9B2C8B2B2D01524B00CA38FB /* HomeView.swift */,
			);
			path = Home;
			sourceTree = "<group>";
		};
		9B0B9CDB2D0FB10A00EA31CD /* Cart */ = {
			isa = PBXGroup;
			children = (
				9B2C8B332D0153B600CA38FB /* CartView.swift */,
				9B0B9CD32D0EB31D00EA31CD /* PayPalPaymentView.swift */,
				9B0B9CD12D0EB30300EA31CD /* StripePaymentView.swift */,
			);
			path = Cart;
			sourceTree = "<group>";
		};
		9B0B9CDC2D0FB14900EA31CD /* Common */ = {
			isa = PBXGroup;
			children = (
				9B0B9CCF2D0EA35200EA31CD /* SearchBarView.swift */,
				9B0B9CC82D0DC2A900EA31CD /* QuantityInputView.swift */,
				9B0B9CBA2D0D3C9C00EA31CD /* CommonProductView.swift */,
			);
			path = Common;
			sourceTree = "<group>";
		};
		9B7FCDC62D1172C8006AB03F /* Frameworks */ = {
			isa = PBXGroup;
			children = (
			);
			name = Frameworks;
			sourceTree = "<group>";
		};
		9B7FCDCB2D117A43006AB03F /* Auth */ = {
			isa = PBXGroup;
			children = (
				9B0B9CBE2D0D98A100EA31CD /* RegisterView.swift */,
				9B7FCE032D118AE6006AB03F /* SignInView.swift */,
				9B7FCDCC2D117AB4006AB03F /* ResetPasswordView.swift */,
			);
			name = Auth;
			path = Account/Auth;
			sourceTree = "<group>";
		};
		9B7FCDD62D1180C5006AB03F /* Models */ = {
			isa = PBXGroup;
			children = (
				9B7FCDCE2D1180C5006AB03F /* AccountModel.swift */,
				9B7FCDCF2D1180C5006AB03F /* CartModel.swift */,
				9B7FCDD02D1180C5006AB03F /* CategoryModel.swift */,
				9B7FCDD12D1180C5006AB03F /* FavoriteModel.swift */,
				9B7FCDD22D1180C5006AB03F /* OrderModel.swift */,
				9B7FCDD32D1180C5006AB03F /* ProductDetailModel.swift */,
				9B7FCDD42D1180C5006AB03F /* ProductModel.swift */,
			);
			path = Models;
			sourceTree = "<group>";
		};
		9B7FCDE62D11810A006AB03F /* ViewModels */ = {
			isa = PBXGroup;
			children = (
				9B7FCDDF2D11810A006AB03F /* AccountViewModel.swift */,
				9B7FCDE02D11810A006AB03F /* CartViewModel.swift */,
				9B7FCDE12D11810A006AB03F /* FavoriteViewModel.swift */,
				9B7FCDE22D11810A006AB03F /* HomeViewModel.swift */,
				9B7FCDE32D11810A006AB03F /* ProductDetailViewModel.swift */,
				9B7FCDE42D11810A006AB03F /* SidebarViewModel.swift */,
				9B7FCDFE2D1183E1006AB03F /* OrderViewModel.swift */,
			);
			path = ViewModels;
			sourceTree = "<group>";
		};
		9B7FCDED2D11810A006AB03F /* Services */ = {
			isa = PBXGroup;
			children = (
				9B7FCDE72D11810A006AB03F /* APIConfig.swift */,
				9B7FCDE82D11810A006AB03F /* CachedAsyncImage.swift */,
				9B7FCDE92D11810A006AB03F /* DatabaseManager.swift */,
				9B7FCDEA2D11810A006AB03F /* ImageCache.swift */,
				9B7FCDEB2D11810A006AB03F /* KeychainHelper.swift */,
				9B7FCDEC2D11810A006AB03F /* WooCommerceService.swift */,
			);
			path = Services;
			sourceTree = "<group>";
		};
		9B7FCE012D118978006AB03F /* Checkout */ = {
			isa = PBXGroup;
			children = (
				9B7FCE002D118978006AB03F /* CheckoutView.swift */,
			);
			path = Checkout;
			sourceTree = "<group>";
		};
		9BBE97082B8E106300CF4746 = {
			isa = PBXGroup;
			children = (
				9BBE97132B8E106300CF4746 /* JPocket */,
				9BBE97242B8E106500CF4746 /* JPocketTests */,
				9BBE972E2B8E106500CF4746 /* JPocketUITests */,
				9BBE97122B8E106300CF4746 /* Products */,
				9B7FCDC62D1172C8006AB03F /* Frameworks */,
			);
			sourceTree = "<group>";
		};
		9BBE97122B8E106300CF4746 /* Products */ = {
			isa = PBXGroup;
			children = (
				9BBE97112B8E106300CF4746 /* JPocket.app */,
				9BBE97212B8E106500CF4746 /* JPocketTests.xctest */,
				9BBE972B2B8E106500CF4746 /* JPocketUITests.xctest */,
			);
			name = Products;
			sourceTree = "<group>";
		};
		9BBE97132B8E106300CF4746 /* JPocket */ = {
			isa = PBXGroup;
			children = (
				9B4E475B2B8E160B005C8CDF /* image */,
				9B4E47572B8E1371005C8CDF /* Launch Screen.storyboard */,
				9BBE97142B8E106300CF4746 /* JPocketApp.swift */,
				9B7FCDC32D11728B006AB03F /* GoogleService-Info.plist */,
				9BBE97162B8E106300CF4746 /* ContentView.swift */,
				9B7FCDED2D11810A006AB03F /* Services */,
				9B7FCDE62D11810A006AB03F /* ViewModels */,
				9B7FCDD62D1180C5006AB03F /* Models */,
				9B0B9C892D0B09D700EA31CD /* Views */,
				9BBE97182B8E106500CF4746 /* Assets.xcassets */,
				9BBE971A2B8E106500CF4746 /* Preview Content */,
			);
			path = JPocket;
			sourceTree = "<group>";
		};
		9BBE971A2B8E106500CF4746 /* Preview Content */ = {
			isa = PBXGroup;
			children = (
				9BBE971B2B8E106500CF4746 /* Preview Assets.xcassets */,
			);
			path = "Preview Content";
			sourceTree = "<group>";
		};
		9BBE97242B8E106500CF4746 /* JPocketTests */ = {
			isa = PBXGroup;
			children = (
				9BBE97252B8E106500CF4746 /* JPocketTests.swift */,
			);
			path = JPocketTests;
			sourceTree = "<group>";
		};
		9BBE972E2B8E106500CF4746 /* JPocketUITests */ = {
			isa = PBXGroup;
			children = (
				9BBE972F2B8E106500CF4746 /* JPocketUITests.swift */,
				9BBE97312B8E106500CF4746 /* JPocketUITestsLaunchTests.swift */,
			);
			path = JPocketUITests;
			sourceTree = "<group>";
		};
/* End PBXGroup section */

/* Begin PBXNativeTarget section */
		9BBE97102B8E106300CF4746 /* JPocket */ = {
			isa = PBXNativeTarget;
			buildConfigurationList = 9BBE97352B8E106500CF4746 /* Build configuration list for PBXNativeTarget "JPocket" */;
			buildPhases = (
				9BBE970D2B8E106300CF4746 /* Sources */,
				9BBE970E2B8E106300CF4746 /* Frameworks */,
				9BBE970F2B8E106300CF4746 /* Resources */,
			);
			buildRules = (
			);
			dependencies = (
			);
			name = JPocket;
			packageProductDependencies = (
				9B7FCDC72D1172C8006AB03F /* FirebaseAuth */,
				9B7FCDC92D1172C8006AB03F /* FirebaseFirestore */,
			);
			productName = JPocket;
			productReference = 9BBE97112B8E106300CF4746 /* JPocket.app */;
			productType = "com.apple.product-type.application";
		};
		9BBE97202B8E106500CF4746 /* JPocketTests */ = {
			isa = PBXNativeTarget;
			buildConfigurationList = 9BBE97382B8E106500CF4746 /* Build configuration list for PBXNativeTarget "JPocketTests" */;
			buildPhases = (
				9BBE971D2B8E106500CF4746 /* Sources */,
				9BBE971E2B8E106500CF4746 /* Frameworks */,
				9BBE971F2B8E106500CF4746 /* Resources */,
			);
			buildRules = (
			);
			dependencies = (
				9BBE97232B8E106500CF4746 /* PBXTargetDependency */,
			);
			name = JPocketTests;
			productName = JPocketTests;
			productReference = 9BBE97212B8E106500CF4746 /* JPocketTests.xctest */;
			productType = "com.apple.product-type.bundle.unit-test";
		};
		9BBE972A2B8E106500CF4746 /* JPocketUITests */ = {
			isa = PBXNativeTarget;
			buildConfigurationList = 9BBE973B2B8E106500CF4746 /* Build configuration list for PBXNativeTarget "JPocketUITests" */;
			buildPhases = (
				9BBE97272B8E106500CF4746 /* Sources */,
				9BBE97282B8E106500CF4746 /* Frameworks */,
				9BBE97292B8E106500CF4746 /* Resources */,
			);
			buildRules = (
			);
			dependencies = (
				9BBE972D2B8E106500CF4746 /* PBXTargetDependency */,
			);
			name = JPocketUITests;
			productName = JPocketUITests;
			productReference = 9BBE972B2B8E106500CF4746 /* JPocketUITests.xctest */;
			productType = "com.apple.product-type.bundle.ui-testing";
		};
/* End PBXNativeTarget section */

/* Begin PBXProject section */
		9BBE97092B8E106300CF4746 /* Project object */ = {
			isa = PBXProject;
			attributes = {
				BuildIndependentTargetsInParallel = 1;
				LastSwiftUpdateCheck = 1310;
				LastUpgradeCheck = 1530;
				TargetAttributes = {
					9BBE97102B8E106300CF4746 = {
						CreatedOnToolsVersion = 13.1;
					};
					9BBE97202B8E106500CF4746 = {
						CreatedOnToolsVersion = 13.1;
						TestTargetID = 9BBE97102B8E106300CF4746;
					};
					9BBE972A2B8E106500CF4746 = {
						CreatedOnToolsVersion = 13.1;
						TestTargetID = 9BBE97102B8E106300CF4746;
					};
				};
			};
			buildConfigurationList = 9BBE970C2B8E106300CF4746 /* Build configuration list for PBXProject "JPocket" */;
			compatibilityVersion = "Xcode 13.0";
			developmentRegion = en;
			hasScannedForEncodings = 0;
			knownRegions = (
				en,
				Base,
			);
			mainGroup = 9BBE97082B8E106300CF4746;
			packageReferences = (
				9B7FCDC52D1172B3006AB03F /* XCRemoteSwiftPackageReference "firebase-ios-sdk" */,
			);
			productRefGroup = 9BBE97122B8E106300CF4746 /* Products */;
			projectDirPath = "";
			projectRoot = "";
			targets = (
				9BBE97102B8E106300CF4746 /* JPocket */,
				9BBE97202B8E106500CF4746 /* JPocketTests */,
				9BBE972A2B8E106500CF4746 /* JPocketUITests */,
			);
		};
/* End PBXProject section */

/* Begin PBXResourcesBuildPhase section */
		9BBE970F2B8E106300CF4746 /* Resources */ = {
			isa = PBXResourcesBuildPhase;
			buildActionMask = 2147483647;
			files = (
				9B4E475C2B8E160B005C8CDF /* image in Resources */,
				9B4E47582B8E1371005C8CDF /* Launch Screen.storyboard in Resources */,
				9B7FCDC42D11728B006AB03F /* GoogleService-Info.plist in Resources */,
				9BBE971C2B8E106500CF4746 /* Preview Assets.xcassets in Resources */,
				9BBE97192B8E106500CF4746 /* Assets.xcassets in Resources */,
			);
			runOnlyForDeploymentPostprocessing = 0;
		};
		9BBE971F2B8E106500CF4746 /* Resources */ = {
			isa = PBXResourcesBuildPhase;
			buildActionMask = 2147483647;
			files = (
			);
			runOnlyForDeploymentPostprocessing = 0;
		};
		9BBE97292B8E106500CF4746 /* Resources */ = {
			isa = PBXResourcesBuildPhase;
			buildActionMask = 2147483647;
			files = (
			);
			runOnlyForDeploymentPostprocessing = 0;
		};
/* End PBXResourcesBuildPhase section */

/* Begin PBXSourcesBuildPhase section */
		9BBE970D2B8E106300CF4746 /* Sources */ = {
			isa = PBXSourcesBuildPhase;
			buildActionMask = 2147483647;
			files = (
				9B7FCDCD2D117AB4006AB03F /* ResetPasswordView.swift in Sources */,
				9B7FCDDA2D1180C5006AB03F /* FavoriteModel.swift in Sources */,
				9B0B9CBF2D0D98A100EA31CD /* RegisterView.swift in Sources */,
				9B7FCDF92D11810A006AB03F /* KeychainHelper.swift in Sources */,
				9B7FCDF12D11810A006AB03F /* HomeViewModel.swift in Sources */,
				9B2C8B342D0153B600CA38FB /* CartView.swift in Sources */,
				9B7FCDF22D11810A006AB03F /* ProductDetailViewModel.swift in Sources */,
				9B2C8B362D01562300CA38FB /* MaintabView.swift in Sources */,
				9B7FCDF02D11810A006AB03F /* FavoriteViewModel.swift in Sources */,
				9B7FCDEF2D11810A006AB03F /* CartViewModel.swift in Sources */,
				9B0B9CBB2D0D3C9C00EA31CD /* CommonProductView.swift in Sources */,
				9B2C8B322D01538D00CA38FB /* ProductDetailView.swift in Sources */,
				9B0B9CC92D0DC2A900EA31CD /* QuantityInputView.swift in Sources */,
				9B7FCE042D118AE7006AB03F /* SignInView.swift in Sources */,
				9B7FCDF72D11810A006AB03F /* DatabaseManager.swift in Sources */,
				9B7FCDF52D11810A006AB03F /* APIConfig.swift in Sources */,
				9B2C8B382D01565000CA38FB /* SidebarView.swift in Sources */,
				9B7FCDF62D11810A006AB03F /* CachedAsyncImage.swift in Sources */,
				9B0B9CD42D0EB31D00EA31CD /* PayPalPaymentView.swift in Sources */,
				9B2C8B2C2D01524D00CA38FB /* HomeView.swift in Sources */,
				9B7FCE022D118978006AB03F /* CheckoutView.swift in Sources */,
				9B7FCDFA2D11810A006AB03F /* WooCommerceService.swift in Sources */,
				9B7FCDDC2D1180C5006AB03F /* ProductDetailModel.swift in Sources */,
				9B0B9CAB2D0D23AA00EA31CD /* FavoriteView.swift in Sources */,
				9B2C8B3A2D01567E00CA38FB /* AccountView.swift in Sources */,
				9B7FCDD92D1180C5006AB03F /* CategoryModel.swift in Sources */,
				9B7FCDF82D11810A006AB03F /* ImageCache.swift in Sources */,
				9B0B9CB52D0D341400EA31CD /* OrderDetailView.swift in Sources */,
				9B7FCDD72D1180C5006AB03F /* AccountModel.swift in Sources */,
				9BBE97172B8E106300CF4746 /* ContentView.swift in Sources */,
				9B7FCDFF2D1183E1006AB03F /* OrderViewModel.swift in Sources */,
				9B7FCDEE2D11810A006AB03F /* AccountViewModel.swift in Sources */,
				9B7FCDD82D1180C5006AB03F /* CartModel.swift in Sources */,
				9B0B9CD02D0EA35200EA31CD /* SearchBarView.swift in Sources */,
				9BBE97152B8E106300CF4746 /* JPocketApp.swift in Sources */,
				9B7FCDDB2D1180C5006AB03F /* OrderModel.swift in Sources */,
				9B7FCDF32D11810A006AB03F /* SidebarViewModel.swift in Sources */,
				9B0B9CD22D0EB30300EA31CD /* StripePaymentView.swift in Sources */,
				9B7FCDDD2D1180C5006AB03F /* ProductModel.swift in Sources */,
			);
			runOnlyForDeploymentPostprocessing = 0;
		};
		9BBE971D2B8E106500CF4746 /* Sources */ = {
			isa = PBXSourcesBuildPhase;
			buildActionMask = 2147483647;
			files = (
				9BBE97262B8E106500CF4746 /* JPocketTests.swift in Sources */,
			);
			runOnlyForDeploymentPostprocessing = 0;
		};
		9BBE97272B8E106500CF4746 /* Sources */ = {
			isa = PBXSourcesBuildPhase;
			buildActionMask = 2147483647;
			files = (
				9BBE97302B8E106500CF4746 /* JPocketUITests.swift in Sources */,
				9BBE97322B8E106500CF4746 /* JPocketUITestsLaunchTests.swift in Sources */,
			);
			runOnlyForDeploymentPostprocessing = 0;
		};
/* End PBXSourcesBuildPhase section */

/* Begin PBXTargetDependency section */
		9BBE97232B8E106500CF4746 /* PBXTargetDependency */ = {
			isa = PBXTargetDependency;
			target = 9BBE97102B8E106300CF4746 /* JPocket */;
			targetProxy = 9BBE97222B8E106500CF4746 /* PBXContainerItemProxy */;
		};
		9BBE972D2B8E106500CF4746 /* PBXTargetDependency */ = {
			isa = PBXTargetDependency;
			target = 9BBE97102B8E106300CF4746 /* JPocket */;
			targetProxy = 9BBE972C2B8E106500CF4746 /* PBXContainerItemProxy */;
		};
/* End PBXTargetDependency section */

/* Begin XCBuildConfiguration section */
		9BBE97332B8E106500CF4746 /* Debug */ = {
			isa = XCBuildConfiguration;
			buildSettings = {
				ALWAYS_SEARCH_USER_PATHS = NO;
				CLANG_ANALYZER_NONNULL = YES;
				CLANG_ANALYZER_NUMBER_OBJECT_CONVERSION = YES_AGGRESSIVE;
				CLANG_CXX_LANGUAGE_STANDARD = "gnu++17";
				CLANG_CXX_LIBRARY = "libc++";
				CLANG_ENABLE_MODULES = YES;
				CLANG_ENABLE_OBJC_ARC = YES;
				CLANG_ENABLE_OBJC_WEAK = YES;
				CLANG_WARN_BLOCK_CAPTURE_AUTORELEASING = YES;
				CLANG_WARN_BOOL_CONVERSION = YES;
				CLANG_WARN_COMMA = YES;
				CLANG_WARN_CONSTANT_CONVERSION = YES;
				CLANG_WARN_DEPRECATED_OBJC_IMPLEMENTATIONS = YES;
				CLANG_WARN_DIRECT_OBJC_ISA_USAGE = YES_ERROR;
				CLANG_WARN_DOCUMENTATION_COMMENTS = YES;
				CLANG_WARN_EMPTY_BODY = YES;
				CLANG_WARN_ENUM_CONVERSION = YES;
				CLANG_WARN_INFINITE_RECURSION = YES;
				CLANG_WARN_INT_CONVERSION = YES;
				CLANG_WARN_NON_LITERAL_NULL_CONVERSION = YES;
				CLANG_WARN_OBJC_IMPLICIT_RETAIN_SELF = YES;
				CLANG_WARN_OBJC_LITERAL_CONVERSION = YES;
				CLANG_WARN_OBJC_ROOT_CLASS = YES_ERROR;
				CLANG_WARN_QUOTED_INCLUDE_IN_FRAMEWORK_HEADER = YES;
				CLANG_WARN_RANGE_LOOP_ANALYSIS = YES;
				CLANG_WARN_STRICT_PROTOTYPES = YES;
				CLANG_WARN_SUSPICIOUS_MOVE = YES;
				CLANG_WARN_UNGUARDED_AVAILABILITY = YES_AGGRESSIVE;
				CLANG_WARN_UNREACHABLE_CODE = YES;
				CLANG_WARN__DUPLICATE_METHOD_MATCH = YES;
				COPY_PHASE_STRIP = NO;
				DEBUG_INFORMATION_FORMAT = dwarf;
				ENABLE_STRICT_OBJC_MSGSEND = YES;
				ENABLE_TESTABILITY = YES;
				ENABLE_USER_SCRIPT_SANDBOXING = YES;
				GCC_C_LANGUAGE_STANDARD = gnu11;
				GCC_DYNAMIC_NO_PIC = NO;
				GCC_NO_COMMON_BLOCKS = YES;
				GCC_OPTIMIZATION_LEVEL = 0;
				GCC_PREPROCESSOR_DEFINITIONS = (
					"DEBUG=1",
					"$(inherited)",
				);
				GCC_WARN_64_TO_32_BIT_CONVERSION = YES;
				GCC_WARN_ABOUT_RETURN_TYPE = YES_ERROR;
				GCC_WARN_UNDECLARED_SELECTOR = YES;
				GCC_WARN_UNINITIALIZED_AUTOS = YES_AGGRESSIVE;
				GCC_WARN_UNUSED_FUNCTION = YES;
				GCC_WARN_UNUSED_VARIABLE = YES;
				IPHONEOS_DEPLOYMENT_TARGET = 15.0;
				MTL_ENABLE_DEBUG_INFO = INCLUDE_SOURCE;
				MTL_FAST_MATH = YES;
				ONLY_ACTIVE_ARCH = YES;
				SDKROOT = iphoneos;
				SWIFT_ACTIVE_COMPILATION_CONDITIONS = DEBUG;
				SWIFT_OPTIMIZATION_LEVEL = "-Onone";
			};
			name = Debug;
		};
		9BBE97342B8E106500CF4746 /* Release */ = {
			isa = XCBuildConfiguration;
			buildSettings = {
				ALWAYS_SEARCH_USER_PATHS = NO;
				CLANG_ANALYZER_NONNULL = YES;
				CLANG_ANALYZER_NUMBER_OBJECT_CONVERSION = YES_AGGRESSIVE;
				CLANG_CXX_LANGUAGE_STANDARD = "gnu++17";
				CLANG_CXX_LIBRARY = "libc++";
				CLANG_ENABLE_MODULES = YES;
				CLANG_ENABLE_OBJC_ARC = YES;
				CLANG_ENABLE_OBJC_WEAK = YES;
				CLANG_WARN_BLOCK_CAPTURE_AUTORELEASING = YES;
				CLANG_WARN_BOOL_CONVERSION = YES;
				CLANG_WARN_COMMA = YES;
				CLANG_WARN_CONSTANT_CONVERSION = YES;
				CLANG_WARN_DEPRECATED_OBJC_IMPLEMENTATIONS = YES;
				CLANG_WARN_DIRECT_OBJC_ISA_USAGE = YES_ERROR;
				CLANG_WARN_DOCUMENTATION_COMMENTS = YES;
				CLANG_WARN_EMPTY_BODY = YES;
				CLANG_WARN_ENUM_CONVERSION = YES;
				CLANG_WARN_INFINITE_RECURSION = YES;
				CLANG_WARN_INT_CONVERSION = YES;
				CLANG_WARN_NON_LITERAL_NULL_CONVERSION = YES;
				CLANG_WARN_OBJC_IMPLICIT_RETAIN_SELF = YES;
				CLANG_WARN_OBJC_LITERAL_CONVERSION = YES;
				CLANG_WARN_OBJC_ROOT_CLASS = YES_ERROR;
				CLANG_WARN_QUOTED_INCLUDE_IN_FRAMEWORK_HEADER = YES;
				CLANG_WARN_RANGE_LOOP_ANALYSIS = YES;
				CLANG_WARN_STRICT_PROTOTYPES = YES;
				CLANG_WARN_SUSPICIOUS_MOVE = YES;
				CLANG_WARN_UNGUARDED_AVAILABILITY = YES_AGGRESSIVE;
				CLANG_WARN_UNREACHABLE_CODE = YES;
				CLANG_WARN__DUPLICATE_METHOD_MATCH = YES;
				COPY_PHASE_STRIP = NO;
				DEBUG_INFORMATION_FORMAT = "dwarf-with-dsym";
				ENABLE_NS_ASSERTIONS = NO;
				ENABLE_STRICT_OBJC_MSGSEND = YES;
				ENABLE_USER_SCRIPT_SANDBOXING = YES;
				GCC_C_LANGUAGE_STANDARD = gnu11;
				GCC_NO_COMMON_BLOCKS = YES;
				GCC_WARN_64_TO_32_BIT_CONVERSION = YES;
				GCC_WARN_ABOUT_RETURN_TYPE = YES_ERROR;
				GCC_WARN_UNDECLARED_SELECTOR = YES;
				GCC_WARN_UNINITIALIZED_AUTOS = YES_AGGRESSIVE;
				GCC_WARN_UNUSED_FUNCTION = YES;
				GCC_WARN_UNUSED_VARIABLE = YES;
				IPHONEOS_DEPLOYMENT_TARGET = 15.0;
				MTL_ENABLE_DEBUG_INFO = NO;
				MTL_FAST_MATH = YES;
				SDKROOT = iphoneos;
				SWIFT_COMPILATION_MODE = wholemodule;
				SWIFT_OPTIMIZATION_LEVEL = "-O";
				VALIDATE_PRODUCT = YES;
			};
			name = Release;
		};
		9BBE97362B8E106500CF4746 /* Debug */ = {
			isa = XCBuildConfiguration;
			buildSettings = {
				ASSETCATALOG_COMPILER_APPICON_NAME = AppIcon;
				ASSETCATALOG_COMPILER_GLOBAL_ACCENT_COLOR_NAME = AccentColor;
				ASSETCATALOG_COMPILER_INCLUDE_ALL_APPICON_ASSETS = YES;
				CODE_SIGN_STYLE = Automatic;
				CURRENT_PROJECT_VERSION = 1;
				DEVELOPMENT_ASSET_PATHS = "\"JPocket/Preview Content\"";
				ENABLE_PREVIEWS = YES;
				GENERATE_INFOPLIST_FILE = YES;
				INFOPLIST_KEY_UIApplicationSceneManifest_Generation = YES;
				INFOPLIST_KEY_UIApplicationSupportsIndirectInputEvents = YES;
				INFOPLIST_KEY_UILaunchScreen_Generation = YES;
				INFOPLIST_KEY_UILaunchStoryboardName = "Launch Screen.storyboard";
				INFOPLIST_KEY_UISupportedInterfaceOrientations = UIInterfaceOrientationPortrait;
				INFOPLIST_KEY_UISupportedInterfaceOrientations_iPad = "UIInterfaceOrientationPortrait UIInterfaceOrientationPortraitUpsideDown UIInterfaceOrientationLandscapeLeft UIInterfaceOrientationLandscapeRight";
				INFOPLIST_KEY_UISupportedInterfaceOrientations_iPhone = "UIInterfaceOrientationPortrait UIInterfaceOrientationLandscapeLeft UIInterfaceOrientationLandscapeRight";
				LD_RUNPATH_SEARCH_PATHS = (
					"$(inherited)",
					"@executable_path/Frameworks",
				);
				MARKETING_VERSION = 1.0;
				PRODUCT_BUNDLE_IDENTIFIER = rubyswift.JPocket;
				PRODUCT_NAME = "$(TARGET_NAME)";
				SWIFT_EMIT_LOC_STRINGS = YES;
				SWIFT_VERSION = 5.0;
				TARGETED_DEVICE_FAMILY = "1,2";
			};
			name = Debug;
		};
		9BBE97372B8E106500CF4746 /* Release */ = {
			isa = XCBuildConfiguration;
			buildSettings = {
				ASSETCATALOG_COMPILER_APPICON_NAME = AppIcon;
				ASSETCATALOG_COMPILER_GLOBAL_ACCENT_COLOR_NAME = AccentColor;
				ASSETCATALOG_COMPILER_INCLUDE_ALL_APPICON_ASSETS = YES;
				CODE_SIGN_STYLE = Automatic;
				CURRENT_PROJECT_VERSION = 1;
				DEVELOPMENT_ASSET_PATHS = "\"JPocket/Preview Content\"";
				ENABLE_PREVIEWS = YES;
				GENERATE_INFOPLIST_FILE = YES;
				INFOPLIST_KEY_UIApplicationSceneManifest_Generation = YES;
				INFOPLIST_KEY_UIApplicationSupportsIndirectInputEvents = YES;
				INFOPLIST_KEY_UILaunchScreen_Generation = YES;
				INFOPLIST_KEY_UILaunchStoryboardName = "Launch Screen.storyboard";
				INFOPLIST_KEY_UISupportedInterfaceOrientations = UIInterfaceOrientationPortrait;
				INFOPLIST_KEY_UISupportedInterfaceOrientations_iPad = "UIInterfaceOrientationPortrait UIInterfaceOrientationPortraitUpsideDown UIInterfaceOrientationLandscapeLeft UIInterfaceOrientationLandscapeRight";
				INFOPLIST_KEY_UISupportedInterfaceOrientations_iPhone = "UIInterfaceOrientationPortrait UIInterfaceOrientationLandscapeLeft UIInterfaceOrientationLandscapeRight";
				LD_RUNPATH_SEARCH_PATHS = (
					"$(inherited)",
					"@executable_path/Frameworks",
				);
				MARKETING_VERSION = 1.0;
				PRODUCT_BUNDLE_IDENTIFIER = rubyswift.JPocket;
				PRODUCT_NAME = "$(TARGET_NAME)";
				SWIFT_EMIT_LOC_STRINGS = YES;
				SWIFT_VERSION = 5.0;
				TARGETED_DEVICE_FAMILY = "1,2";
			};
			name = Release;
		};
		9BBE97392B8E106500CF4746 /* Debug */ = {
			isa = XCBuildConfiguration;
			buildSettings = {
				ALWAYS_EMBED_SWIFT_STANDARD_LIBRARIES = YES;
				BUNDLE_LOADER = "$(TEST_HOST)";
				CODE_SIGN_STYLE = Automatic;
				CURRENT_PROJECT_VERSION = 1;
				GENERATE_INFOPLIST_FILE = YES;
				IPHONEOS_DEPLOYMENT_TARGET = 15.0;
				LD_RUNPATH_SEARCH_PATHS = (
					"$(inherited)",
					"@executable_path/Frameworks",
					"@loader_path/Frameworks",
				);
				MARKETING_VERSION = 1.0;
				PRODUCT_BUNDLE_IDENTIFIER = rubyswift.JPocketTests;
				PRODUCT_NAME = "$(TARGET_NAME)";
				SWIFT_EMIT_LOC_STRINGS = NO;
				SWIFT_VERSION = 5.0;
				TARGETED_DEVICE_FAMILY = "1,2";
				TEST_HOST = "$(BUILT_PRODUCTS_DIR)/JPocket.app/JPocket";
			};
			name = Debug;
		};
		9BBE973A2B8E106500CF4746 /* Release */ = {
			isa = XCBuildConfiguration;
			buildSettings = {
				ALWAYS_EMBED_SWIFT_STANDARD_LIBRARIES = YES;
				BUNDLE_LOADER = "$(TEST_HOST)";
				CODE_SIGN_STYLE = Automatic;
				CURRENT_PROJECT_VERSION = 1;
				GENERATE_INFOPLIST_FILE = YES;
				IPHONEOS_DEPLOYMENT_TARGET = 15.0;
				LD_RUNPATH_SEARCH_PATHS = (
					"$(inherited)",
					"@executable_path/Frameworks",
					"@loader_path/Frameworks",
				);
				MARKETING_VERSION = 1.0;
				PRODUCT_BUNDLE_IDENTIFIER = rubyswift.JPocketTests;
				PRODUCT_NAME = "$(TARGET_NAME)";
				SWIFT_EMIT_LOC_STRINGS = NO;
				SWIFT_VERSION = 5.0;
				TARGETED_DEVICE_FAMILY = "1,2";
				TEST_HOST = "$(BUILT_PRODUCTS_DIR)/JPocket.app/JPocket";
			};
			name = Release;
		};
		9BBE973C2B8E106500CF4746 /* Debug */ = {
			isa = XCBuildConfiguration;
			buildSettings = {
				ALWAYS_EMBED_SWIFT_STANDARD_LIBRARIES = YES;
				CODE_SIGN_STYLE = Automatic;
				CURRENT_PROJECT_VERSION = 1;
				GENERATE_INFOPLIST_FILE = YES;
				LD_RUNPATH_SEARCH_PATHS = (
					"$(inherited)",
					"@executable_path/Frameworks",
					"@loader_path/Frameworks",
				);
				MARKETING_VERSION = 1.0;
				PRODUCT_BUNDLE_IDENTIFIER = rubyswift.JPocketUITests;
				PRODUCT_NAME = "$(TARGET_NAME)";
				SWIFT_EMIT_LOC_STRINGS = NO;
				SWIFT_VERSION = 5.0;
				TARGETED_DEVICE_FAMILY = "1,2";
				TEST_TARGET_NAME = JPocket;
			};
			name = Debug;
		};
		9BBE973D2B8E106500CF4746 /* Release */ = {
			isa = XCBuildConfiguration;
			buildSettings = {
				ALWAYS_EMBED_SWIFT_STANDARD_LIBRARIES = YES;
				CODE_SIGN_STYLE = Automatic;
				CURRENT_PROJECT_VERSION = 1;
				GENERATE_INFOPLIST_FILE = YES;
				LD_RUNPATH_SEARCH_PATHS = (
					"$(inherited)",
					"@executable_path/Frameworks",
					"@loader_path/Frameworks",
				);
				MARKETING_VERSION = 1.0;
				PRODUCT_BUNDLE_IDENTIFIER = rubyswift.JPocketUITests;
				PRODUCT_NAME = "$(TARGET_NAME)";
				SWIFT_EMIT_LOC_STRINGS = NO;
				SWIFT_VERSION = 5.0;
				TARGETED_DEVICE_FAMILY = "1,2";
				TEST_TARGET_NAME = JPocket;
			};
			name = Release;
		};
/* End XCBuildConfiguration section */

/* Begin XCConfigurationList section */
		9BBE970C2B8E106300CF4746 /* Build configuration list for PBXProject "JPocket" */ = {
			isa = XCConfigurationList;
			buildConfigurations = (
				9BBE97332B8E106500CF4746 /* Debug */,
				9BBE97342B8E106500CF4746 /* Release */,
			);
			defaultConfigurationIsVisible = 0;
			defaultConfigurationName = Release;
		};
		9BBE97352B8E106500CF4746 /* Build configuration list for PBXNativeTarget "JPocket" */ = {
			isa = XCConfigurationList;
			buildConfigurations = (
				9BBE97362B8E106500CF4746 /* Debug */,
				9BBE97372B8E106500CF4746 /* Release */,
			);
			defaultConfigurationIsVisible = 0;
			defaultConfigurationName = Release;
		};
		9BBE97382B8E106500CF4746 /* Build configuration list for PBXNativeTarget "JPocketTests" */ = {
			isa = XCConfigurationList;
			buildConfigurations = (
				9BBE97392B8E106500CF4746 /* Debug */,
				9BBE973A2B8E106500CF4746 /* Release */,
			);
			defaultConfigurationIsVisible = 0;
			defaultConfigurationName = Release;
		};
		9BBE973B2B8E106500CF4746 /* Build configuration list for PBXNativeTarget "JPocketUITests" */ = {
			isa = XCConfigurationList;
			buildConfigurations = (
				9BBE973C2B8E106500CF4746 /* Debug */,
				9BBE973D2B8E106500CF4746 /* Release */,
			);
			defaultConfigurationIsVisible = 0;
			defaultConfigurationName = Release;
		};
/* End XCConfigurationList section */

/* Begin XCRemoteSwiftPackageReference section */
		9B7FCDC52D1172B3006AB03F /* XCRemoteSwiftPackageReference "firebase-ios-sdk" */ = {
			isa = XCRemoteSwiftPackageReference;
			repositoryURL = "https://github.com/firebase/firebase-ios-sdk";
			requirement = {
				kind = upToNextMajorVersion;
				minimumVersion = 11.6.0;
			};
		};
/* End XCRemoteSwiftPackageReference section */

/* Begin XCSwiftPackageProductDependency section */
		9B7FCDC72D1172C8006AB03F /* FirebaseAuth */ = {
			isa = XCSwiftPackageProductDependency;
			package = 9B7FCDC52D1172B3006AB03F /* XCRemoteSwiftPackageReference "firebase-ios-sdk" */;
			productName = FirebaseAuth;
		};
		9B7FCDC92D1172C8006AB03F /* FirebaseFirestore */ = {
			isa = XCSwiftPackageProductDependency;
			package = 9B7FCDC52D1172B3006AB03F /* XCRemoteSwiftPackageReference "firebase-ios-sdk" */;
			productName = FirebaseFirestore;
		};
/* End XCSwiftPackageProductDependency section */
	};
	rootObject = 9BBE97092B8E106300CF4746 /* Project object */;
}
